
Microsoft Visual Studio Solution File, Format Version 12.00
# Visual Studio Version 16
VisualStudioVersion = 16.0.29318.209
MinimumVisualStudioVersion = 10.0.40219.1
Project("{FAE04EC0-301F-11D3-BF4B-00C04F79EFBC}") = "KASICAUI", "KASICAUI\KASICAUI.csproj", "{F8CA23B3-4298-45B0-8477-1E8ECC690B1E}"
EndProject
Project("{FAE04EC0-301F-11D3-BF4B-00C04F79EFBC}") = "Presentacion", "Presentacion\Presentacion.csproj", "{35DC07F6-8BDA-47D9-B624-96A180CAA37B}"
EndProject
Project("{FAE04EC0-301F-11D3-BF4B-00C04F79EFBC}") = "Entity", "Entity\Entity.csproj", "{7A29EFAF-2114-4C38-8DB9-CD6AB2A37E47}"
EndProject
Project("{FAE04EC0-301F-11D3-BF4B-00C04F79EFBC}") = "UIFactura", "UIFactura\UIFactura.csproj", "{D61556A5-D4BE-460C-B33D-8A4D1C411699}"
EndProject
Project("{FAE04EC0-301F-11D3-BF4B-00C04F79EFBC}") = "KSICATest", "KSICATest\KSICATest.csproj", "{FC9FF80F-303C-4094-80E4-1245C21B7367}"
EndProject
Global
	GlobalSection(SolutionConfigurationPlatforms) = preSolution
		Debug|Any CPU = Debug|Any CPU
		Release|Any CPU = Release|Any CPU
	EndGlobalSection
	GlobalSection(ProjectConfigurationPlatforms) = postSolution
		{F8CA23B3-4298-45B0-8477-1E8ECC690B1E}.Debug|Any CPU.ActiveCfg = Debug|Any CPU
		{F8CA23B3-4298-45B0-8477-1E8ECC690B1E}.Debug|Any CPU.Build.0 = Debug|Any CPU
		{F8CA23B3-4298-45B0-8477-1E8ECC690B1E}.Release|Any CPU.ActiveCfg = Release|Any CPU
		{F8CA23B3-4298-45B0-8477-1E8ECC690B1E}.Release|Any CPU.Build.0 = Release|Any CPU
		{35DC07F6-8BDA-47D9-B624-96A180CAA37B}.Debug|Any CPU.ActiveCfg = Debug|Any CPU
		{35DC07F6-8BDA-47D9-B624-96A180CAA37B}.Debug|Any CPU.Build.0 = Debug|Any CPU
		{35DC07F6-8BDA-47D9-B624-96A180CAA37B}.Release|Any CPU.ActiveCfg = Release|Any CPU
		{35DC07F6-8BDA-47D9-B624-96A180CAA37B}.Release|Any CPU.Build.0 = Release|Any CPU
		{7A29EFAF-2114-4C38-8DB9-CD6AB2A37E47}.Debug|Any CPU.ActiveCfg = Debug|Any CPU
		{7A29EFAF-2114-4C38-8DB9-CD6AB2A37E47}.Debug|Any CPU.Build.0 = Debug|Any CPU
		{7A29EFAF-2114-4C38-8DB9-CD6AB2A37E47}.Release|Any CPU.ActiveCfg = Release|Any CPU
		{7A29EFAF-2114-4C38-8DB9-CD6AB2A37E47}.Release|Any CPU.Build.0 = Release|Any CPU
		{D61556A5-D4BE-460C-B33D-8A4D1C411699}.Debug|Any CPU.ActiveCfg = Debug|Any CPU
		{D61556A5-D4BE-460C-B33D-8A4D1C411699}.Debug|Any CPU.Build.0 = Debug|Any CPU
		{D61556A5-D4BE-460C-B33D-8A4D1C411699}.Release|Any CPU.ActiveCfg = Release|Any CPU
		{D61556A5-D4BE-460C-B33D-8A4D1C411699}.Release|Any CPU.Build.0 = Release|Any CPU
		{FC9FF80F-303C-4094-80E4-1245C21B7367}.Debug|Any CPU.ActiveCfg = Debug|Any CPU
		{FC9FF80F-303C-4094-80E4-1245C21B7367}.Debug|Any CPU.Build.0 = Debug|Any CPU
		{FC9FF80F-303C-4094-80E4-1245C21B7367}.Release|Any CPU.ActiveCfg = Release|Any CPU
		{FC9FF80F-303C-4094-80E4-1245C21B7367}.Release|Any CPU.Build.0 = Release|Any CPU
	EndGlobalSection
	GlobalSection(SolutionProperties) = preSolution
		HideSolutionNode = FALSE
	EndGlobalSection
	GlobalSection(ExtensibilityGlobals) = postSolution
		SolutionGuid = {C42428DC-8056-4E32-8A06-1EFEE69F5394}
	EndGlobalSection
EndGlobal
